{
  "version": 4,
  "terraform_version": "1.9.5",
  "serial": 111,
  "lineage": "f0c47712-7793-f43e-8c67-b5d7d7a9097a",
  "outputs": {
    "key_data": {
      "value": "ssh-rsa AAAAB3NzaC1yc2EAAAADAQABAAABgQC4Zt/uiQUR6MR3aODBpHJr0tMUXlQcNHMi1leUeN/out21OaFfUE+D9Q6aoJb9lZ2Kw0Ox5QuXTB3/T7lK/HGjR5C50WqS8imfq5+sTHB0TvKkWIgY6dGR+sOSKqlmSPjCnGqCQv6vPtcXHQg3fH2v18hVCxWNKiCEBpKseSsuGycfNl8hRqPxVR6MdmdWTUrAb15BLz1+oor/eTBI1R3ah1StRBLqvjm5s7Q891fZVIA635Y1+MCaEP0DLHsdVprhOqY3DbPvmbaOWNoPk7EvZXypIbeU7MFBH1mR/oNoZ3CX/HkNDQniQB2WbhxTWRXhGFoeVafP6LYE6Wm3OS++LQo45osuN0H1HpQ9IHejTpwGZuBYBmGJCfhCXW4DXnfC/+2ST9jgDHIY3cVVRS/Q19GfkZN7/suADoA6xvP+CZqw2LL6riEhKjXDHuWstvtg+vgfgHlIHTr5BvtfxzfXuzJjGIJIHJwidqJnawX12JMPDKz2ykP3/lrkYGIj9mk= generated-by-azure",
      "type": "string"
    },
    "private_key": {
      "value": "-----BEGIN RSA PRIVATE KEY-----\r\nMIIG5AIBAAKCAYEAuGbf7okFEejEd2jgwaRya9LTFF5UHDRzItZXlHjf6LrdtTmh\r\nX1BPg/UOmqCW/ZWdisNDseULl0wd/0+5Svxxo0eQudFqkvIpn6ufrExwdE7ypFiI\r\nGOnRkfrDkiqpZkj4wpxqgkL+rz7XFx0IN3x9r9fIVQsVjSoghAaSrHkrLhsnHzZf\r\nIUaj8VUejHZnVk1KwG9eQS89fqKK/3kwSNUd2odUrUQS6r45ubO0PPdX2VSAOt+W\r\nNfjAmhD9Ayx7HVaa4TqmNw2z75m2jljaD5OxL2V8qSG3lOzBQR9Zkf6DaGdwl/x5\r\nDQ0J4kAdlm4cU1kV4RhaHlWnz+i2BOlptzkvvi0KOOaLLjdB9R6UPSB3o06cBmbg\r\nWAZhiQn4Ql1uA153wv/tkk/Y4AxyGN3FVUUv0NfRn5GTe/7LgA6AOsbz/gmasNiy\r\n+q4hISo1wx7lrLb7YPr4H4B5SB06+Qb7X8c317syYxiCSBycInaiZ2sF9diTDwys\r\n9spD9/5a5GBiI/ZpAgMBAAECggGBAI8Mfzr0YFJ8V6yqV3DguUKb0dNDOcyHg6nK\r\nzTYIbuqDy+oCQwVFr+mV+TZKzdb6cbRrteAS5uL/0WV12zAolZ8srUD5C8viwBd1\r\nc/Cde78+X0zOwQVSnZi5B24kWjVW9mNCI/3ZKumXvhPYGb+xe28l3erbJmTUAVVq\r\nI+5YMP8bYUX9T97ohdV5SrF8SL3SR+LwghXfJ71NKrb0tFhLu1UDFtUysdoYp38/\r\nwNpqpmOaAb+qI0TLK95Yv23u27LusvQLTe+ZoB1rNZkOEPUTPfY736BbYiofdpes\r\nZCxuWu+nLP7B5UrKlRD1COPJtbxe35C23NdRK1ILu4gj+osQNpfiuLbUyIJdUMzU\r\nOTiTjf+l6Lii7JgrDaQQT0FhgeCSYe5XcYKa9XPb+qNzsWLZN8WmTg4pzhO0TLOe\r\n41eoGdptiQuLPi32PZaEGxWqGJwIsPPpgI5heeG/EAfII1boguxzOzxEtgbeyPcp\r\nhqPSQrf2FzzTWLebCc5eygKopmggYQKBwQDBPkhBgCyhvqh16Js545TL2Ks8H6WD\r\nfjRnSyg9HwYwcKSXNz8poitLDaa+Yl4+BgLn/KBhnpVWIAjt+pZIDFq1O7+W6p6+\r\n46s+2StseflzhAjvhEWGbBTI6Q71LVjqdRdq/Re00wsMmtkN7iZeHviKWlKJP4gH\r\nm1/2wpvuMMsqg8uLbEvZxLZpz7b3sZcE+ibV0mIVoNA/vnE2+xJDRlUUvchcEOJJ\r\niHjis71FsRuVNF5yeW1jpXMvUkPhEtqJvyMCgcEA9EmKLPHLgiq4WeupxVohk/YW\r\nxbJWXFm4XHPQ2VoTAHFvmomBh1SiRM6sYE+csrprzLldvUoDHJK/wvHfubm8Dw8Z\r\nHehuB8TuCQckMEI8L8WJjLH/MGQW78Dwn+KukOTaHct8qvMn571B32Xy4fzKoxxv\r\neZ6PweGgGzl80Z/w0d/I0Pfa0OMTE4NVncKOJqnfPFom+m9ZarJoPPMpNO+dfWPG\r\nhTJ5i9PoKfSdmiDYuOXfCQuBlYq5nSnP3YtHTnMDAoHATSOAkm0I4/QIqTCWLjCT\r\nqB+wkwqK9od9gbI1uNhWjyWX/ij2lLcAkzA63IrF1fpuVI66st0r/bpB9kVukgok\r\nd24HV8YGYmrdY/Qq6l1yX1NYgcwKONOSJHUsHGDiuozNMU8glHUeVwTFGlNzi2TP\r\nj+LoSZNLyMWUNBuRRS7DGxCLQveS+7YTnv9kqVGB2GHG+NnHf5y3JIrwBKOKscI0\r\nmlf70AyJWBMbNlvLdTNysEe8X/Pq37ke1sf/AqyVAiGDAoHBAKjNYEOqWXv61SSd\r\nqdSLcYRymk3F69Mo1DJefUST72lw+TOKLQ08uFxfi9GJcbg3BWKT/GheikPmS8gD\r\npxsJcx/cyPhXsiCAPhPS8Xi/bCN+lou4O6ROpWLKqftxgjrxSJ8qC119ZGfH6Yrb\r\nQbhTHBsV/RnHLYNFy4LEeLHJmXkM8BEmE/gf0QC80h6PX/brjyx/B0wqQVlvKoRj\r\namf/443PslA8Dq1GorjLJVRpuhgaD8KKRuL010n4qIBoS7+zzQKBwAGlFNZa0bNK\r\nguWrJ6uSOoO3eAWTKlze1GXMztjFGKbzEeA/mRDRkvmEKOWkCyEEG22BxFVSgLwP\r\ncNaQgjQUhUDmJxucv4qAlsTK3YQSnwmN78hpJxrO00Uho/r90ZY7r/CKHk43GECW\r\nwQvZD8iov6L1BBZDG4hO85n+X2X/DEVmj3e4xMZD/Lw4Iv5hHsf/3V54nd4u7Eh5\r\njAC6lZf2oxgElEseBk1MiLFCPhLKs7BN+RxUrXrH7pWYK38NPruY2w==\r\n-----END RSA PRIVATE KEY-----\r\n",
      "type": "string"
    },
    "public_ip_addresses": {
      "value": [
        "13.82.102.158",
        "13.82.102.121",
        "40.71.47.217"
      ],
      "type": [
        "tuple",
        [
          "string",
          "string",
          "string"
        ]
      ]
    },
    "resource_group_name": {
      "value": "rg-epic-insect",
      "type": "string"
    }
  },
  "resources": [
    {
      "mode": "managed",
      "type": "azapi_resource",
      "name": "ssh_public_key",
      "provider": "provider[\"registry.terraform.io/azure/azapi\"]",
      "instances": [
        {
          "schema_version": 1,
          "attributes": {
            "body": {
              "value": "{}",
              "type": "string"
            },
            "id": "/subscriptions/9c852510-6671-45e5-b2c9-457c475c33a9/resourceGroups/rg-epic-insect/providers/Microsoft.Compute/sshPublicKeys/sshkindinsect",
            "identity": [],
            "ignore_body_changes": null,
            "ignore_casing": false,
            "ignore_missing_property": true,
            "location": "eastus",
            "locks": null,
            "name": "sshkindinsect",
            "output": {
              "value": "{}",
              "type": "string"
            },
            "parent_id": "/subscriptions/9c852510-6671-45e5-b2c9-457c475c33a9/resourceGroups/rg-epic-insect",
            "removing_special_chars": false,
            "response_export_values": null,
            "schema_validation_enabled": true,
            "tags": null,
            "timeouts": null,
            "type": "Microsoft.Compute/sshPublicKeys@2022-11-01"
          },
          "sensitive_attributes": [],
          "dependencies": [
            "azurerm_resource_group.rg",
            "random_pet.rg_name",
            "random_pet.ssh_key_name"
          ]
        }
      ]
    },
    {
      "mode": "managed",
      "type": "azapi_resource_action",
      "name": "ssh_public_key_gen",
      "provider": "provider[\"registry.terraform.io/azure/azapi\"]",
      "instances": [
        {
          "schema_version": 1,
          "attributes": {
            "action": "generateKeyPair",
            "body": null,
            "id": "/subscriptions/9c852510-6671-45e5-b2c9-457c475c33a9/resourceGroups/rg-epic-insect/providers/Microsoft.Compute/sshPublicKeys/sshkindinsect/generateKeyPair",
            "locks": null,
            "method": "POST",
            "output": {
              "value": {
                "privateKey": "-----BEGIN RSA PRIVATE KEY-----\r\nMIIG5AIBAAKCAYEAuGbf7okFEejEd2jgwaRya9LTFF5UHDRzItZXlHjf6LrdtTmh\r\nX1BPg/UOmqCW/ZWdisNDseULl0wd/0+5Svxxo0eQudFqkvIpn6ufrExwdE7ypFiI\r\nGOnRkfrDkiqpZkj4wpxqgkL+rz7XFx0IN3x9r9fIVQsVjSoghAaSrHkrLhsnHzZf\r\nIUaj8VUejHZnVk1KwG9eQS89fqKK/3kwSNUd2odUrUQS6r45ubO0PPdX2VSAOt+W\r\nNfjAmhD9Ayx7HVaa4TqmNw2z75m2jljaD5OxL2V8qSG3lOzBQR9Zkf6DaGdwl/x5\r\nDQ0J4kAdlm4cU1kV4RhaHlWnz+i2BOlptzkvvi0KOOaLLjdB9R6UPSB3o06cBmbg\r\nWAZhiQn4Ql1uA153wv/tkk/Y4AxyGN3FVUUv0NfRn5GTe/7LgA6AOsbz/gmasNiy\r\n+q4hISo1wx7lrLb7YPr4H4B5SB06+Qb7X8c317syYxiCSBycInaiZ2sF9diTDwys\r\n9spD9/5a5GBiI/ZpAgMBAAECggGBAI8Mfzr0YFJ8V6yqV3DguUKb0dNDOcyHg6nK\r\nzTYIbuqDy+oCQwVFr+mV+TZKzdb6cbRrteAS5uL/0WV12zAolZ8srUD5C8viwBd1\r\nc/Cde78+X0zOwQVSnZi5B24kWjVW9mNCI/3ZKumXvhPYGb+xe28l3erbJmTUAVVq\r\nI+5YMP8bYUX9T97ohdV5SrF8SL3SR+LwghXfJ71NKrb0tFhLu1UDFtUysdoYp38/\r\nwNpqpmOaAb+qI0TLK95Yv23u27LusvQLTe+ZoB1rNZkOEPUTPfY736BbYiofdpes\r\nZCxuWu+nLP7B5UrKlRD1COPJtbxe35C23NdRK1ILu4gj+osQNpfiuLbUyIJdUMzU\r\nOTiTjf+l6Lii7JgrDaQQT0FhgeCSYe5XcYKa9XPb+qNzsWLZN8WmTg4pzhO0TLOe\r\n41eoGdptiQuLPi32PZaEGxWqGJwIsPPpgI5heeG/EAfII1boguxzOzxEtgbeyPcp\r\nhqPSQrf2FzzTWLebCc5eygKopmggYQKBwQDBPkhBgCyhvqh16Js545TL2Ks8H6WD\r\nfjRnSyg9HwYwcKSXNz8poitLDaa+Yl4+BgLn/KBhnpVWIAjt+pZIDFq1O7+W6p6+\r\n46s+2StseflzhAjvhEWGbBTI6Q71LVjqdRdq/Re00wsMmtkN7iZeHviKWlKJP4gH\r\nm1/2wpvuMMsqg8uLbEvZxLZpz7b3sZcE+ibV0mIVoNA/vnE2+xJDRlUUvchcEOJJ\r\niHjis71FsRuVNF5yeW1jpXMvUkPhEtqJvyMCgcEA9EmKLPHLgiq4WeupxVohk/YW\r\nxbJWXFm4XHPQ2VoTAHFvmomBh1SiRM6sYE+csrprzLldvUoDHJK/wvHfubm8Dw8Z\r\nHehuB8TuCQckMEI8L8WJjLH/MGQW78Dwn+KukOTaHct8qvMn571B32Xy4fzKoxxv\r\neZ6PweGgGzl80Z/w0d/I0Pfa0OMTE4NVncKOJqnfPFom+m9ZarJoPPMpNO+dfWPG\r\nhTJ5i9PoKfSdmiDYuOXfCQuBlYq5nSnP3YtHTnMDAoHATSOAkm0I4/QIqTCWLjCT\r\nqB+wkwqK9od9gbI1uNhWjyWX/ij2lLcAkzA63IrF1fpuVI66st0r/bpB9kVukgok\r\nd24HV8YGYmrdY/Qq6l1yX1NYgcwKONOSJHUsHGDiuozNMU8glHUeVwTFGlNzi2TP\r\nj+LoSZNLyMWUNBuRRS7DGxCLQveS+7YTnv9kqVGB2GHG+NnHf5y3JIrwBKOKscI0\r\nmlf70AyJWBMbNlvLdTNysEe8X/Pq37ke1sf/AqyVAiGDAoHBAKjNYEOqWXv61SSd\r\nqdSLcYRymk3F69Mo1DJefUST72lw+TOKLQ08uFxfi9GJcbg3BWKT/GheikPmS8gD\r\npxsJcx/cyPhXsiCAPhPS8Xi/bCN+lou4O6ROpWLKqftxgjrxSJ8qC119ZGfH6Yrb\r\nQbhTHBsV/RnHLYNFy4LEeLHJmXkM8BEmE/gf0QC80h6PX/brjyx/B0wqQVlvKoRj\r\namf/443PslA8Dq1GorjLJVRpuhgaD8KKRuL010n4qIBoS7+zzQKBwAGlFNZa0bNK\r\nguWrJ6uSOoO3eAWTKlze1GXMztjFGKbzEeA/mRDRkvmEKOWkCyEEG22BxFVSgLwP\r\ncNaQgjQUhUDmJxucv4qAlsTK3YQSnwmN78hpJxrO00Uho/r90ZY7r/CKHk43GECW\r\nwQvZD8iov6L1BBZDG4hO85n+X2X/DEVmj3e4xMZD/Lw4Iv5hHsf/3V54nd4u7Eh5\r\njAC6lZf2oxgElEseBk1MiLFCPhLKs7BN+RxUrXrH7pWYK38NPruY2w==\r\n-----END RSA PRIVATE KEY-----\r\n",
                "publicKey": "ssh-rsa AAAAB3NzaC1yc2EAAAADAQABAAABgQC4Zt/uiQUR6MR3aODBpHJr0tMUXlQcNHMi1leUeN/out21OaFfUE+D9Q6aoJb9lZ2Kw0Ox5QuXTB3/T7lK/HGjR5C50WqS8imfq5+sTHB0TvKkWIgY6dGR+sOSKqlmSPjCnGqCQv6vPtcXHQg3fH2v18hVCxWNKiCEBpKseSsuGycfNl8hRqPxVR6MdmdWTUrAb15BLz1+oor/eTBI1R3ah1StRBLqvjm5s7Q891fZVIA635Y1+MCaEP0DLHsdVprhOqY3DbPvmbaOWNoPk7EvZXypIbeU7MFBH1mR/oNoZ3CX/HkNDQniQB2WbhxTWRXhGFoeVafP6LYE6Wm3OS++LQo45osuN0H1HpQ9IHejTpwGZuBYBmGJCfhCXW4DXnfC/+2ST9jgDHIY3cVVRS/Q19GfkZN7/suADoA6xvP+CZqw2LL6riEhKjXDHuWstvtg+vgfgHlIHTr5BvtfxzfXuzJjGIJIHJwidqJnawX12JMPDKz2ykP3/lrkYGIj9mk= generated-by-azure"
              },
              "type": [
                "object",
                {
                  "privateKey": "string",
                  "publicKey": "string"
                }
              ]
            },
            "resource_id": "/subscriptions/9c852510-6671-45e5-b2c9-457c475c33a9/resourceGroups/rg-epic-insect/providers/Microsoft.Compute/sshPublicKeys/sshkindinsect",
            "response_export_values": [
              "publicKey",
              "privateKey"
            ],
            "timeouts": null,
            "type": "Microsoft.Compute/sshPublicKeys@2022-11-01",
            "when": "apply"
          },
          "sensitive_attributes": [],
          "dependencies": [
            "azapi_resource.ssh_public_key",
            "azurerm_resource_group.rg",
            "random_pet.rg_name",
            "random_pet.ssh_key_name"
          ]
        }
      ]
    },
    {
      "mode": "managed",
      "type": "azurerm_linux_virtual_machine",
      "name": "my_terraform_vm",
      "provider": "provider[\"registry.terraform.io/hashicorp/azurerm\"]",
      "instances": [
        {
          "index_key": 0,
          "schema_version": 0,
          "attributes": {
            "additional_capabilities": [],
            "admin_password": null,
            "admin_ssh_key": [
              {
                "public_key": "ssh-rsa AAAAB3NzaC1yc2EAAAADAQABAAABgQC4Zt/uiQUR6MR3aODBpHJr0tMUXlQcNHMi1leUeN/out21OaFfUE+D9Q6aoJb9lZ2Kw0Ox5QuXTB3/T7lK/HGjR5C50WqS8imfq5+sTHB0TvKkWIgY6dGR+sOSKqlmSPjCnGqCQv6vPtcXHQg3fH2v18hVCxWNKiCEBpKseSsuGycfNl8hRqPxVR6MdmdWTUrAb15BLz1+oor/eTBI1R3ah1StRBLqvjm5s7Q891fZVIA635Y1+MCaEP0DLHsdVprhOqY3DbPvmbaOWNoPk7EvZXypIbeU7MFBH1mR/oNoZ3CX/HkNDQniQB2WbhxTWRXhGFoeVafP6LYE6Wm3OS++LQo45osuN0H1HpQ9IHejTpwGZuBYBmGJCfhCXW4DXnfC/+2ST9jgDHIY3cVVRS/Q19GfkZN7/suADoA6xvP+CZqw2LL6riEhKjXDHuWstvtg+vgfgHlIHTr5BvtfxzfXuzJjGIJIHJwidqJnawX12JMPDKz2ykP3/lrkYGIj9mk= generated-by-azure",
                "username": "azureadmin"
              }
            ],
            "admin_username": "azureadmin",
            "allow_extension_operations": true,
            "availability_set_id": "",
            "boot_diagnostics": [
              {
                "storage_account_uri": "https://diag286c006b9d289285.blob.core.windows.net/"
              }
            ],
            "computer_name": "hostname",
            "custom_data": null,
            "dedicated_host_group_id": "",
            "dedicated_host_id": "",
            "disable_password_authentication": true,
            "encryption_at_host_enabled": false,
            "eviction_policy": "",
            "extensions_time_budget": "PT1H30M",
            "id": "/subscriptions/9c852510-6671-45e5-b2c9-457c475c33a9/resourceGroups/rg-epic-insect/providers/Microsoft.Compute/virtualMachines/scanner",
            "identity": [],
            "license_type": "",
            "location": "eastus",
            "max_bid_price": -1,
            "name": "scanner",
            "network_interface_ids": [
              "/subscriptions/9c852510-6671-45e5-b2c9-457c475c33a9/resourceGroups/rg-epic-insect/providers/Microsoft.Network/networkInterfaces/myNIC-0"
            ],
            "os_disk": [
              {
                "caching": "ReadWrite",
                "diff_disk_settings": [],
                "disk_encryption_set_id": "",
                "disk_size_gb": 30,
                "name": "scanner-os-disk",
                "storage_account_type": "Premium_LRS",
                "write_accelerator_enabled": false
              }
            ],
            "patch_mode": "ImageDefault",
            "plan": [],
            "platform_fault_domain": -1,
            "priority": "Regular",
            "private_ip_address": "10.0.1.6",
            "private_ip_addresses": [
              "10.0.1.6"
            ],
            "provision_vm_agent": true,
            "proximity_placement_group_id": "",
            "public_ip_address": "13.82.102.158",
            "public_ip_addresses": [
              "13.82.102.158"
            ],
            "resource_group_name": "rg-epic-insect",
            "secret": [],
            "secure_boot_enabled": false,
            "size": "Standard_DC1ds_v3",
            "source_image_id": "",
            "source_image_reference": [
              {
                "offer": "0001-com-ubuntu-server-jammy",
                "publisher": "Canonical",
                "sku": "22_04-lts-gen2",
                "version": "latest"
              }
            ],
            "tags": {},
            "timeouts": null,
            "user_data": "",
            "virtual_machine_id": "c5279029-60ea-4c62-88bd-d77bb08abbfd",
            "virtual_machine_scale_set_id": "",
            "vtpm_enabled": false,
            "zone": ""
          },
          "sensitive_attributes": [
            [
              {
                "type": "get_attr",
                "value": "admin_password"
              }
            ],
            [
              {
                "type": "get_attr",
                "value": "custom_data"
              }
            ]
          ],
          "private": "eyJlMmJmYjczMC1lY2FhLTExZTYtOGY4OC0zNDM2M2JjN2M0YzAiOnsiY3JlYXRlIjoyNzAwMDAwMDAwMDAwLCJkZWxldGUiOjI3MDAwMDAwMDAwMDAsInJlYWQiOjMwMDAwMDAwMDAwMCwidXBkYXRlIjoyNzAwMDAwMDAwMDAwfX0=",
          "dependencies": [
            "azapi_resource.ssh_public_key",
            "azapi_resource_action.ssh_public_key_gen",
            "azurerm_network_interface.my_terraform_nic",
            "azurerm_public_ip.my_terraform_public_ip",
            "azurerm_resource_group.rg",
            "azurerm_storage_account.my_storage_account",
            "azurerm_subnet.my_terraform_subnet",
            "azurerm_virtual_network.my_terraform_network",
            "random_id.random_id",
            "random_pet.rg_name",
            "random_pet.ssh_key_name"
          ]
        },
        {
          "index_key": 1,
          "schema_version": 0,
          "attributes": {
            "additional_capabilities": [],
            "admin_password": null,
            "admin_ssh_key": [
              {
                "public_key": "ssh-rsa AAAAB3NzaC1yc2EAAAADAQABAAABgQC4Zt/uiQUR6MR3aODBpHJr0tMUXlQcNHMi1leUeN/out21OaFfUE+D9Q6aoJb9lZ2Kw0Ox5QuXTB3/T7lK/HGjR5C50WqS8imfq5+sTHB0TvKkWIgY6dGR+sOSKqlmSPjCnGqCQv6vPtcXHQg3fH2v18hVCxWNKiCEBpKseSsuGycfNl8hRqPxVR6MdmdWTUrAb15BLz1+oor/eTBI1R3ah1StRBLqvjm5s7Q891fZVIA635Y1+MCaEP0DLHsdVprhOqY3DbPvmbaOWNoPk7EvZXypIbeU7MFBH1mR/oNoZ3CX/HkNDQniQB2WbhxTWRXhGFoeVafP6LYE6Wm3OS++LQo45osuN0H1HpQ9IHejTpwGZuBYBmGJCfhCXW4DXnfC/+2ST9jgDHIY3cVVRS/Q19GfkZN7/suADoA6xvP+CZqw2LL6riEhKjXDHuWstvtg+vgfgHlIHTr5BvtfxzfXuzJjGIJIHJwidqJnawX12JMPDKz2ykP3/lrkYGIj9mk= generated-by-azure",
                "username": "azureadmin"
              }
            ],
            "admin_username": "azureadmin",
            "allow_extension_operations": true,
            "availability_set_id": "",
            "boot_diagnostics": [
              {
                "storage_account_uri": "https://diag286c006b9d289285.blob.core.windows.net/"
              }
            ],
            "computer_name": "hostname",
            "custom_data": null,
            "dedicated_host_group_id": "",
            "dedicated_host_id": "",
            "disable_password_authentication": true,
            "encryption_at_host_enabled": false,
            "eviction_policy": "",
            "extensions_time_budget": "PT1H30M",
            "id": "/subscriptions/9c852510-6671-45e5-b2c9-457c475c33a9/resourceGroups/rg-epic-insect/providers/Microsoft.Compute/virtualMachines/jenkins",
            "identity": [],
            "license_type": "",
            "location": "eastus",
            "max_bid_price": -1,
            "name": "jenkins",
            "network_interface_ids": [
              "/subscriptions/9c852510-6671-45e5-b2c9-457c475c33a9/resourceGroups/rg-epic-insect/providers/Microsoft.Network/networkInterfaces/myNIC-1"
            ],
            "os_disk": [
              {
                "caching": "ReadWrite",
                "diff_disk_settings": [],
                "disk_encryption_set_id": "",
                "disk_size_gb": 30,
                "name": "jenkins-os-disk",
                "storage_account_type": "Premium_LRS",
                "write_accelerator_enabled": false
              }
            ],
            "patch_mode": "ImageDefault",
            "plan": [],
            "platform_fault_domain": -1,
            "priority": "Regular",
            "private_ip_address": "10.0.1.4",
            "private_ip_addresses": [
              "10.0.1.4"
            ],
            "provision_vm_agent": true,
            "proximity_placement_group_id": "",
            "public_ip_address": "13.82.102.121",
            "public_ip_addresses": [
              "13.82.102.121"
            ],
            "resource_group_name": "rg-epic-insect",
            "secret": [],
            "secure_boot_enabled": false,
            "size": "Standard_DC1ds_v3",
            "source_image_id": "",
            "source_image_reference": [
              {
                "offer": "0001-com-ubuntu-server-jammy",
                "publisher": "Canonical",
                "sku": "22_04-lts-gen2",
                "version": "latest"
              }
            ],
            "tags": {},
            "timeouts": null,
            "user_data": "",
            "virtual_machine_id": "704f6670-c580-4c0e-9e04-284631d7bb51",
            "virtual_machine_scale_set_id": "",
            "vtpm_enabled": false,
            "zone": ""
          },
          "sensitive_attributes": [
            [
              {
                "type": "get_attr",
                "value": "admin_password"
              }
            ],
            [
              {
                "type": "get_attr",
                "value": "custom_data"
              }
            ]
          ],
          "private": "eyJlMmJmYjczMC1lY2FhLTExZTYtOGY4OC0zNDM2M2JjN2M0YzAiOnsiY3JlYXRlIjoyNzAwMDAwMDAwMDAwLCJkZWxldGUiOjI3MDAwMDAwMDAwMDAsInJlYWQiOjMwMDAwMDAwMDAwMCwidXBkYXRlIjoyNzAwMDAwMDAwMDAwfX0=",
          "dependencies": [
            "azapi_resource.ssh_public_key",
            "azapi_resource_action.ssh_public_key_gen",
            "azurerm_network_interface.my_terraform_nic",
            "azurerm_public_ip.my_terraform_public_ip",
            "azurerm_resource_group.rg",
            "azurerm_storage_account.my_storage_account",
            "azurerm_subnet.my_terraform_subnet",
            "azurerm_virtual_network.my_terraform_network",
            "random_id.random_id",
            "random_pet.rg_name",
            "random_pet.ssh_key_name"
          ]
        },
        {
          "index_key": 2,
          "schema_version": 0,
          "attributes": {
            "additional_capabilities": [],
            "admin_password": null,
            "admin_ssh_key": [
              {
                "public_key": "ssh-rsa AAAAB3NzaC1yc2EAAAADAQABAAABgQC4Zt/uiQUR6MR3aODBpHJr0tMUXlQcNHMi1leUeN/out21OaFfUE+D9Q6aoJb9lZ2Kw0Ox5QuXTB3/T7lK/HGjR5C50WqS8imfq5+sTHB0TvKkWIgY6dGR+sOSKqlmSPjCnGqCQv6vPtcXHQg3fH2v18hVCxWNKiCEBpKseSsuGycfNl8hRqPxVR6MdmdWTUrAb15BLz1+oor/eTBI1R3ah1StRBLqvjm5s7Q891fZVIA635Y1+MCaEP0DLHsdVprhOqY3DbPvmbaOWNoPk7EvZXypIbeU7MFBH1mR/oNoZ3CX/HkNDQniQB2WbhxTWRXhGFoeVafP6LYE6Wm3OS++LQo45osuN0H1HpQ9IHejTpwGZuBYBmGJCfhCXW4DXnfC/+2ST9jgDHIY3cVVRS/Q19GfkZN7/suADoA6xvP+CZqw2LL6riEhKjXDHuWstvtg+vgfgHlIHTr5BvtfxzfXuzJjGIJIHJwidqJnawX12JMPDKz2ykP3/lrkYGIj9mk= generated-by-azure",
                "username": "azureadmin"
              }
            ],
            "admin_username": "azureadmin",
            "allow_extension_operations": true,
            "availability_set_id": "",
            "boot_diagnostics": [
              {
                "storage_account_uri": "https://diag286c006b9d289285.blob.core.windows.net/"
              }
            ],
            "computer_name": "hostname",
            "custom_data": null,
            "dedicated_host_group_id": "",
            "dedicated_host_id": "",
            "disable_password_authentication": true,
            "encryption_at_host_enabled": false,
            "eviction_policy": "",
            "extensions_time_budget": "PT1H30M",
            "id": "/subscriptions/9c852510-6671-45e5-b2c9-457c475c33a9/resourceGroups/rg-epic-insect/providers/Microsoft.Compute/virtualMachines/jenkins-agent",
            "identity": [],
            "license_type": "",
            "location": "eastus",
            "max_bid_price": -1,
            "name": "jenkins-agent",
            "network_interface_ids": [
              "/subscriptions/9c852510-6671-45e5-b2c9-457c475c33a9/resourceGroups/rg-epic-insect/providers/Microsoft.Network/networkInterfaces/myNIC-2"
            ],
            "os_disk": [
              {
                "caching": "ReadWrite",
                "diff_disk_settings": [],
                "disk_encryption_set_id": "",
                "disk_size_gb": 30,
                "name": "jenkins-agent-os-disk",
                "storage_account_type": "Premium_LRS",
                "write_accelerator_enabled": false
              }
            ],
            "patch_mode": "ImageDefault",
            "plan": [],
            "platform_fault_domain": -1,
            "priority": "Regular",
            "private_ip_address": "10.0.1.5",
            "private_ip_addresses": [
              "10.0.1.5"
            ],
            "provision_vm_agent": true,
            "proximity_placement_group_id": "",
            "public_ip_address": "40.71.47.217",
            "public_ip_addresses": [
              "40.71.47.217"
            ],
            "resource_group_name": "rg-epic-insect",
            "secret": [],
            "secure_boot_enabled": false,
            "size": "Standard_DC1ds_v3",
            "source_image_id": "",
            "source_image_reference": [
              {
                "offer": "0001-com-ubuntu-server-jammy",
                "publisher": "Canonical",
                "sku": "22_04-lts-gen2",
                "version": "latest"
              }
            ],
            "tags": {},
            "timeouts": null,
            "user_data": "",
            "virtual_machine_id": "c4cb2125-591f-483c-bf10-47c9174bed40",
            "virtual_machine_scale_set_id": "",
            "vtpm_enabled": false,
            "zone": ""
          },
          "sensitive_attributes": [
            [
              {
                "type": "get_attr",
                "value": "custom_data"
              }
            ],
            [
              {
                "type": "get_attr",
                "value": "admin_password"
              }
            ]
          ],
          "private": "eyJlMmJmYjczMC1lY2FhLTExZTYtOGY4OC0zNDM2M2JjN2M0YzAiOnsiY3JlYXRlIjoyNzAwMDAwMDAwMDAwLCJkZWxldGUiOjI3MDAwMDAwMDAwMDAsInJlYWQiOjMwMDAwMDAwMDAwMCwidXBkYXRlIjoyNzAwMDAwMDAwMDAwfX0=",
          "dependencies": [
            "azapi_resource.ssh_public_key",
            "azapi_resource_action.ssh_public_key_gen",
            "azurerm_network_interface.my_terraform_nic",
            "azurerm_public_ip.my_terraform_public_ip",
            "azurerm_resource_group.rg",
            "azurerm_storage_account.my_storage_account",
            "azurerm_subnet.my_terraform_subnet",
            "azurerm_virtual_network.my_terraform_network",
            "random_id.random_id",
            "random_pet.rg_name",
            "random_pet.ssh_key_name"
          ]
        }
      ]
    },
    {
      "mode": "managed",
      "type": "azurerm_network_interface",
      "name": "my_terraform_nic",
      "provider": "provider[\"registry.terraform.io/hashicorp/azurerm\"]",
      "instances": [
        {
          "index_key": 0,
          "schema_version": 0,
          "attributes": {
            "applied_dns_servers": [],
            "dns_servers": [],
            "enable_accelerated_networking": false,
            "enable_ip_forwarding": false,
            "id": "/subscriptions/9c852510-6671-45e5-b2c9-457c475c33a9/resourceGroups/rg-epic-insect/providers/Microsoft.Network/networkInterfaces/myNIC-0",
            "internal_dns_name_label": "",
            "internal_domain_name_suffix": "hrmzqh5y2ckuhpyfdqvza3ubcb.bx.internal.cloudapp.net",
            "ip_configuration": [
              {
                "gateway_load_balancer_frontend_ip_configuration_id": "",
                "name": "my_nic_configuration",
                "primary": true,
                "private_ip_address": "10.0.1.6",
                "private_ip_address_allocation": "Dynamic",
                "private_ip_address_version": "IPv4",
                "public_ip_address_id": "/subscriptions/9c852510-6671-45e5-b2c9-457c475c33a9/resourceGroups/rg-epic-insect/providers/Microsoft.Network/publicIPAddresses/myPublicIP-0",
                "subnet_id": "/subscriptions/9c852510-6671-45e5-b2c9-457c475c33a9/resourceGroups/rg-epic-insect/providers/Microsoft.Network/virtualNetworks/myVnet/subnets/mySubnet"
              }
            ],
            "location": "eastus",
            "mac_address": "00-0D-3A-9A-E9-AE",
            "name": "myNIC-0",
            "private_ip_address": "10.0.1.6",
            "private_ip_addresses": [
              "10.0.1.6"
            ],
            "resource_group_name": "rg-epic-insect",
            "tags": {},
            "timeouts": null,
            "virtual_machine_id": "/subscriptions/9c852510-6671-45e5-b2c9-457c475c33a9/resourceGroups/rg-epic-insect/providers/Microsoft.Compute/virtualMachines/scanner"
          },
          "sensitive_attributes": [],
          "private": "eyJlMmJmYjczMC1lY2FhLTExZTYtOGY4OC0zNDM2M2JjN2M0YzAiOnsiY3JlYXRlIjoxODAwMDAwMDAwMDAwLCJkZWxldGUiOjE4MDAwMDAwMDAwMDAsInJlYWQiOjMwMDAwMDAwMDAwMCwidXBkYXRlIjoxODAwMDAwMDAwMDAwfX0=",
          "dependencies": [
            "azurerm_public_ip.my_terraform_public_ip",
            "azurerm_resource_group.rg",
            "azurerm_subnet.my_terraform_subnet",
            "azurerm_virtual_network.my_terraform_network",
            "random_pet.rg_name"
          ]
        },
        {
          "index_key": 1,
          "schema_version": 0,
          "attributes": {
            "applied_dns_servers": [],
            "dns_servers": [],
            "enable_accelerated_networking": false,
            "enable_ip_forwarding": false,
            "id": "/subscriptions/9c852510-6671-45e5-b2c9-457c475c33a9/resourceGroups/rg-epic-insect/providers/Microsoft.Network/networkInterfaces/myNIC-1",
            "internal_dns_name_label": "",
            "internal_domain_name_suffix": "hrmzqh5y2ckuhpyfdqvza3ubcb.bx.internal.cloudapp.net",
            "ip_configuration": [
              {
                "gateway_load_balancer_frontend_ip_configuration_id": "",
                "name": "my_nic_configuration",
                "primary": true,
                "private_ip_address": "10.0.1.4",
                "private_ip_address_allocation": "Dynamic",
                "private_ip_address_version": "IPv4",
                "public_ip_address_id": "/subscriptions/9c852510-6671-45e5-b2c9-457c475c33a9/resourceGroups/rg-epic-insect/providers/Microsoft.Network/publicIPAddresses/myPublicIP-1",
                "subnet_id": "/subscriptions/9c852510-6671-45e5-b2c9-457c475c33a9/resourceGroups/rg-epic-insect/providers/Microsoft.Network/virtualNetworks/myVnet/subnets/mySubnet"
              }
            ],
            "location": "eastus",
            "mac_address": "00-22-48-22-C5-B3",
            "name": "myNIC-1",
            "private_ip_address": "10.0.1.4",
            "private_ip_addresses": [
              "10.0.1.4"
            ],
            "resource_group_name": "rg-epic-insect",
            "tags": {},
            "timeouts": null,
            "virtual_machine_id": "/subscriptions/9c852510-6671-45e5-b2c9-457c475c33a9/resourceGroups/rg-epic-insect/providers/Microsoft.Compute/virtualMachines/jenkins"
          },
          "sensitive_attributes": [],
          "private": "eyJlMmJmYjczMC1lY2FhLTExZTYtOGY4OC0zNDM2M2JjN2M0YzAiOnsiY3JlYXRlIjoxODAwMDAwMDAwMDAwLCJkZWxldGUiOjE4MDAwMDAwMDAwMDAsInJlYWQiOjMwMDAwMDAwMDAwMCwidXBkYXRlIjoxODAwMDAwMDAwMDAwfX0=",
          "dependencies": [
            "azurerm_public_ip.my_terraform_public_ip",
            "azurerm_resource_group.rg",
            "azurerm_subnet.my_terraform_subnet",
            "azurerm_virtual_network.my_terraform_network",
            "random_pet.rg_name"
          ]
        },
        {
          "index_key": 2,
          "schema_version": 0,
          "attributes": {
            "applied_dns_servers": [],
            "dns_servers": [],
            "enable_accelerated_networking": false,
            "enable_ip_forwarding": false,
            "id": "/subscriptions/9c852510-6671-45e5-b2c9-457c475c33a9/resourceGroups/rg-epic-insect/providers/Microsoft.Network/networkInterfaces/myNIC-2",
            "internal_dns_name_label": "",
            "internal_domain_name_suffix": "hrmzqh5y2ckuhpyfdqvza3ubcb.bx.internal.cloudapp.net",
            "ip_configuration": [
              {
                "gateway_load_balancer_frontend_ip_configuration_id": "",
                "name": "my_nic_configuration",
                "primary": true,
                "private_ip_address": "10.0.1.5",
                "private_ip_address_allocation": "Dynamic",
                "private_ip_address_version": "IPv4",
                "public_ip_address_id": "/subscriptions/9c852510-6671-45e5-b2c9-457c475c33a9/resourceGroups/rg-epic-insect/providers/Microsoft.Network/publicIPAddresses/myPublicIP-2",
                "subnet_id": "/subscriptions/9c852510-6671-45e5-b2c9-457c475c33a9/resourceGroups/rg-epic-insect/providers/Microsoft.Network/virtualNetworks/myVnet/subnets/mySubnet"
              }
            ],
            "location": "eastus",
            "mac_address": "00-22-48-2D-A7-A9",
            "name": "myNIC-2",
            "private_ip_address": "10.0.1.5",
            "private_ip_addresses": [
              "10.0.1.5"
            ],
            "resource_group_name": "rg-epic-insect",
            "tags": {},
            "timeouts": null,
            "virtual_machine_id": "/subscriptions/9c852510-6671-45e5-b2c9-457c475c33a9/resourceGroups/rg-epic-insect/providers/Microsoft.Compute/virtualMachines/jenkins-agent"
          },
          "sensitive_attributes": [],
          "private": "eyJlMmJmYjczMC1lY2FhLTExZTYtOGY4OC0zNDM2M2JjN2M0YzAiOnsiY3JlYXRlIjoxODAwMDAwMDAwMDAwLCJkZWxldGUiOjE4MDAwMDAwMDAwMDAsInJlYWQiOjMwMDAwMDAwMDAwMCwidXBkYXRlIjoxODAwMDAwMDAwMDAwfX0=",
          "dependencies": [
            "azurerm_public_ip.my_terraform_public_ip",
            "azurerm_resource_group.rg",
            "azurerm_subnet.my_terraform_subnet",
            "azurerm_virtual_network.my_terraform_network",
            "random_pet.rg_name"
          ]
        }
      ]
    },
    {
      "mode": "managed",
      "type": "azurerm_network_interface_security_group_association",
      "name": "example",
      "provider": "provider[\"registry.terraform.io/hashicorp/azurerm\"]",
      "instances": [
        {
          "index_key": 0,
          "schema_version": 0,
          "attributes": {
            "id": "/subscriptions/9c852510-6671-45e5-b2c9-457c475c33a9/resourceGroups/rg-epic-insect/providers/Microsoft.Network/networkInterfaces/myNIC-0|/subscriptions/9c852510-6671-45e5-b2c9-457c475c33a9/resourceGroups/rg-epic-insect/providers/Microsoft.Network/networkSecurityGroups/myNetworkSecurityGroup",
            "network_interface_id": "/subscriptions/9c852510-6671-45e5-b2c9-457c475c33a9/resourceGroups/rg-epic-insect/providers/Microsoft.Network/networkInterfaces/myNIC-0",
            "network_security_group_id": "/subscriptions/9c852510-6671-45e5-b2c9-457c475c33a9/resourceGroups/rg-epic-insect/providers/Microsoft.Network/networkSecurityGroups/myNetworkSecurityGroup",
            "timeouts": null
          },
          "sensitive_attributes": [],
          "private": "eyJlMmJmYjczMC1lY2FhLTExZTYtOGY4OC0zNDM2M2JjN2M0YzAiOnsiY3JlYXRlIjoxODAwMDAwMDAwMDAwLCJkZWxldGUiOjE4MDAwMDAwMDAwMDAsInJlYWQiOjMwMDAwMDAwMDAwMCwidXBkYXRlIjoxODAwMDAwMDAwMDAwfX0=",
          "dependencies": [
            "azurerm_network_interface.my_terraform_nic",
            "azurerm_network_security_group.my_terraform_nsg",
            "azurerm_public_ip.my_terraform_public_ip",
            "azurerm_resource_group.rg",
            "azurerm_subnet.my_terraform_subnet",
            "azurerm_virtual_network.my_terraform_network",
            "random_pet.rg_name"
          ]
        },
        {
          "index_key": 1,
          "schema_version": 0,
          "attributes": {
            "id": "/subscriptions/9c852510-6671-45e5-b2c9-457c475c33a9/resourceGroups/rg-epic-insect/providers/Microsoft.Network/networkInterfaces/myNIC-1|/subscriptions/9c852510-6671-45e5-b2c9-457c475c33a9/resourceGroups/rg-epic-insect/providers/Microsoft.Network/networkSecurityGroups/myNetworkSecurityGroup",
            "network_interface_id": "/subscriptions/9c852510-6671-45e5-b2c9-457c475c33a9/resourceGroups/rg-epic-insect/providers/Microsoft.Network/networkInterfaces/myNIC-1",
            "network_security_group_id": "/subscriptions/9c852510-6671-45e5-b2c9-457c475c33a9/resourceGroups/rg-epic-insect/providers/Microsoft.Network/networkSecurityGroups/myNetworkSecurityGroup",
            "timeouts": null
          },
          "sensitive_attributes": [],
          "private": "eyJlMmJmYjczMC1lY2FhLTExZTYtOGY4OC0zNDM2M2JjN2M0YzAiOnsiY3JlYXRlIjoxODAwMDAwMDAwMDAwLCJkZWxldGUiOjE4MDAwMDAwMDAwMDAsInJlYWQiOjMwMDAwMDAwMDAwMCwidXBkYXRlIjoxODAwMDAwMDAwMDAwfX0=",
          "dependencies": [
            "azurerm_network_interface.my_terraform_nic",
            "azurerm_network_security_group.my_terraform_nsg",
            "azurerm_public_ip.my_terraform_public_ip",
            "azurerm_resource_group.rg",
            "azurerm_subnet.my_terraform_subnet",
            "azurerm_virtual_network.my_terraform_network",
            "random_pet.rg_name"
          ]
        },
        {
          "index_key": 2,
          "schema_version": 0,
          "attributes": {
            "id": "/subscriptions/9c852510-6671-45e5-b2c9-457c475c33a9/resourceGroups/rg-epic-insect/providers/Microsoft.Network/networkInterfaces/myNIC-2|/subscriptions/9c852510-6671-45e5-b2c9-457c475c33a9/resourceGroups/rg-epic-insect/providers/Microsoft.Network/networkSecurityGroups/myNetworkSecurityGroup",
            "network_interface_id": "/subscriptions/9c852510-6671-45e5-b2c9-457c475c33a9/resourceGroups/rg-epic-insect/providers/Microsoft.Network/networkInterfaces/myNIC-2",
            "network_security_group_id": "/subscriptions/9c852510-6671-45e5-b2c9-457c475c33a9/resourceGroups/rg-epic-insect/providers/Microsoft.Network/networkSecurityGroups/myNetworkSecurityGroup",
            "timeouts": null
          },
          "sensitive_attributes": [],
          "private": "eyJlMmJmYjczMC1lY2FhLTExZTYtOGY4OC0zNDM2M2JjN2M0YzAiOnsiY3JlYXRlIjoxODAwMDAwMDAwMDAwLCJkZWxldGUiOjE4MDAwMDAwMDAwMDAsInJlYWQiOjMwMDAwMDAwMDAwMCwidXBkYXRlIjoxODAwMDAwMDAwMDAwfX0=",
          "dependencies": [
            "azurerm_network_interface.my_terraform_nic",
            "azurerm_network_security_group.my_terraform_nsg",
            "azurerm_public_ip.my_terraform_public_ip",
            "azurerm_resource_group.rg",
            "azurerm_subnet.my_terraform_subnet",
            "azurerm_virtual_network.my_terraform_network",
            "random_pet.rg_name"
          ]
        }
      ]
    },
    {
      "mode": "managed",
      "type": "azurerm_network_security_group",
      "name": "my_terraform_nsg",
      "provider": "provider[\"registry.terraform.io/hashicorp/azurerm\"]",
      "instances": [
        {
          "schema_version": 0,
          "attributes": {
            "id": "/subscriptions/9c852510-6671-45e5-b2c9-457c475c33a9/resourceGroups/rg-epic-insect/providers/Microsoft.Network/networkSecurityGroups/myNetworkSecurityGroup",
            "location": "eastus",
            "name": "myNetworkSecurityGroup",
            "resource_group_name": "rg-epic-insect",
            "security_rule": [
              {
                "access": "Allow",
                "description": "",
                "destination_address_prefix": "*",
                "destination_address_prefixes": [],
                "destination_application_security_group_ids": [],
                "destination_port_range": "80",
                "destination_port_ranges": [],
                "direction": "Inbound",
                "name": "http",
                "priority": 1005,
                "protocol": "Tcp",
                "source_address_prefix": "*",
                "source_address_prefixes": [],
                "source_application_security_group_ids": [],
                "source_port_range": "*",
                "source_port_ranges": []
              },
              {
                "access": "Allow",
                "description": null,
                "destination_address_prefix": "*",
                "destination_address_prefixes": [],
                "destination_application_security_group_ids": [],
                "destination_port_range": "22",
                "destination_port_ranges": [],
                "direction": "Inbound",
                "name": "SSH",
                "priority": 1001,
                "protocol": "Tcp",
                "source_address_prefix": "*",
                "source_address_prefixes": [],
                "source_application_security_group_ids": [],
                "source_port_range": "*",
                "source_port_ranges": []
              },
              {
                "access": "Allow",
                "description": null,
                "destination_address_prefix": "*",
                "destination_address_prefixes": [],
                "destination_application_security_group_ids": [],
                "destination_port_range": "8080",
                "destination_port_ranges": [],
                "direction": "Inbound",
                "name": "jenkins",
                "priority": 1004,
                "protocol": "Tcp",
                "source_address_prefix": "*",
                "source_address_prefixes": [],
                "source_application_security_group_ids": [],
                "source_port_range": "*",
                "source_port_ranges": []
              },
              {
                "access": "Allow",
                "description": null,
                "destination_address_prefix": "*",
                "destination_address_prefixes": [],
                "destination_application_security_group_ids": [],
                "destination_port_range": "9000",
                "destination_port_ranges": [],
                "direction": "Inbound",
                "name": "sonarqube01",
                "priority": 1002,
                "protocol": "Tcp",
                "source_address_prefix": "*",
                "source_address_prefixes": [],
                "source_application_security_group_ids": [],
                "source_port_range": "*",
                "source_port_ranges": []
              },
              {
                "access": "Allow",
                "description": null,
                "destination_address_prefix": "*",
                "destination_address_prefixes": [],
                "destination_application_security_group_ids": [],
                "destination_port_range": "9001",
                "destination_port_ranges": [],
                "direction": "Inbound",
                "name": "sonarqube1",
                "priority": 1003,
                "protocol": "Tcp",
                "source_address_prefix": "*",
                "source_address_prefixes": [],
                "source_application_security_group_ids": [],
                "source_port_range": "*",
                "source_port_ranges": []
              }
            ],
            "tags": {},
            "timeouts": null
          },
          "sensitive_attributes": [],
          "private": "eyJlMmJmYjczMC1lY2FhLTExZTYtOGY4OC0zNDM2M2JjN2M0YzAiOnsiY3JlYXRlIjoxODAwMDAwMDAwMDAwLCJkZWxldGUiOjE4MDAwMDAwMDAwMDAsInJlYWQiOjMwMDAwMDAwMDAwMCwidXBkYXRlIjoxODAwMDAwMDAwMDAwfX0=",
          "dependencies": [
            "azurerm_resource_group.rg",
            "random_pet.rg_name"
          ]
        }
      ]
    },
    {
      "mode": "managed",
      "type": "azurerm_public_ip",
      "name": "my_terraform_public_ip",
      "provider": "provider[\"registry.terraform.io/hashicorp/azurerm\"]",
      "instances": [
        {
          "index_key": 0,
          "schema_version": 0,
          "attributes": {
            "allocation_method": "Dynamic",
            "availability_zone": "No-Zone",
            "domain_name_label": null,
            "fqdn": null,
            "id": "/subscriptions/9c852510-6671-45e5-b2c9-457c475c33a9/resourceGroups/rg-epic-insect/providers/Microsoft.Network/publicIPAddresses/myPublicIP-0",
            "idle_timeout_in_minutes": 4,
            "ip_address": "13.82.102.158",
            "ip_tags": {},
            "ip_version": "IPv4",
            "location": "eastus",
            "name": "myPublicIP-0",
            "public_ip_prefix_id": null,
            "resource_group_name": "rg-epic-insect",
            "reverse_fqdn": null,
            "sku": "Basic",
            "sku_tier": "Regional",
            "tags": {},
            "timeouts": null,
            "zones": []
          },
          "sensitive_attributes": [],
          "private": "eyJlMmJmYjczMC1lY2FhLTExZTYtOGY4OC0zNDM2M2JjN2M0YzAiOnsiY3JlYXRlIjoxODAwMDAwMDAwMDAwLCJkZWxldGUiOjE4MDAwMDAwMDAwMDAsInJlYWQiOjMwMDAwMDAwMDAwMCwidXBkYXRlIjoxODAwMDAwMDAwMDAwfX0=",
          "dependencies": [
            "azurerm_resource_group.rg",
            "random_pet.rg_name"
          ]
        },
        {
          "index_key": 1,
          "schema_version": 0,
          "attributes": {
            "allocation_method": "Dynamic",
            "availability_zone": "No-Zone",
            "domain_name_label": null,
            "fqdn": null,
            "id": "/subscriptions/9c852510-6671-45e5-b2c9-457c475c33a9/resourceGroups/rg-epic-insect/providers/Microsoft.Network/publicIPAddresses/myPublicIP-1",
            "idle_timeout_in_minutes": 4,
            "ip_address": "13.82.102.121",
            "ip_tags": {},
            "ip_version": "IPv4",
            "location": "eastus",
            "name": "myPublicIP-1",
            "public_ip_prefix_id": null,
            "resource_group_name": "rg-epic-insect",
            "reverse_fqdn": null,
            "sku": "Basic",
            "sku_tier": "Regional",
            "tags": {},
            "timeouts": null,
            "zones": []
          },
          "sensitive_attributes": [],
          "private": "eyJlMmJmYjczMC1lY2FhLTExZTYtOGY4OC0zNDM2M2JjN2M0YzAiOnsiY3JlYXRlIjoxODAwMDAwMDAwMDAwLCJkZWxldGUiOjE4MDAwMDAwMDAwMDAsInJlYWQiOjMwMDAwMDAwMDAwMCwidXBkYXRlIjoxODAwMDAwMDAwMDAwfX0=",
          "dependencies": [
            "azurerm_resource_group.rg",
            "random_pet.rg_name"
          ]
        },
        {
          "index_key": 2,
          "schema_version": 0,
          "attributes": {
            "allocation_method": "Dynamic",
            "availability_zone": "No-Zone",
            "domain_name_label": null,
            "fqdn": null,
            "id": "/subscriptions/9c852510-6671-45e5-b2c9-457c475c33a9/resourceGroups/rg-epic-insect/providers/Microsoft.Network/publicIPAddresses/myPublicIP-2",
            "idle_timeout_in_minutes": 4,
            "ip_address": "40.71.47.217",
            "ip_tags": {},
            "ip_version": "IPv4",
            "location": "eastus",
            "name": "myPublicIP-2",
            "public_ip_prefix_id": null,
            "resource_group_name": "rg-epic-insect",
            "reverse_fqdn": null,
            "sku": "Basic",
            "sku_tier": "Regional",
            "tags": {},
            "timeouts": null,
            "zones": []
          },
          "sensitive_attributes": [],
          "private": "eyJlMmJmYjczMC1lY2FhLTExZTYtOGY4OC0zNDM2M2JjN2M0YzAiOnsiY3JlYXRlIjoxODAwMDAwMDAwMDAwLCJkZWxldGUiOjE4MDAwMDAwMDAwMDAsInJlYWQiOjMwMDAwMDAwMDAwMCwidXBkYXRlIjoxODAwMDAwMDAwMDAwfX0=",
          "dependencies": [
            "azurerm_resource_group.rg",
            "random_pet.rg_name"
          ]
        }
      ]
    },
    {
      "mode": "managed",
      "type": "azurerm_resource_group",
      "name": "rg",
      "provider": "provider[\"registry.terraform.io/hashicorp/azurerm\"]",
      "instances": [
        {
          "schema_version": 0,
          "attributes": {
            "id": "/subscriptions/9c852510-6671-45e5-b2c9-457c475c33a9/resourceGroups/rg-epic-insect",
            "location": "eastus",
            "name": "rg-epic-insect",
            "tags": {},
            "timeouts": null
          },
          "sensitive_attributes": [],
          "private": "eyJlMmJmYjczMC1lY2FhLTExZTYtOGY4OC0zNDM2M2JjN2M0YzAiOnsiY3JlYXRlIjo1NDAwMDAwMDAwMDAwLCJkZWxldGUiOjU0MDAwMDAwMDAwMDAsInJlYWQiOjMwMDAwMDAwMDAwMCwidXBkYXRlIjo1NDAwMDAwMDAwMDAwfX0=",
          "dependencies": [
            "random_pet.rg_name"
          ]
        }
      ]
    },
    {
      "mode": "managed",
      "type": "azurerm_storage_account",
      "name": "my_storage_account",
      "provider": "provider[\"registry.terraform.io/hashicorp/azurerm\"]",
      "instances": [
        {
          "schema_version": 2,
          "attributes": {
            "access_tier": "Hot",
            "account_kind": "StorageV2",
            "account_replication_type": "LRS",
            "account_tier": "Standard",
            "allow_blob_public_access": false,
            "azure_files_authentication": [],
            "blob_properties": [
              {
                "change_feed_enabled": false,
                "container_delete_retention_policy": [],
                "cors_rule": [],
                "default_service_version": "",
                "delete_retention_policy": [],
                "last_access_time_enabled": false,
                "versioning_enabled": false
              }
            ],
            "custom_domain": [],
            "customer_managed_key": [],
            "enable_https_traffic_only": true,
            "id": "/subscriptions/9c852510-6671-45e5-b2c9-457c475c33a9/resourceGroups/rg-epic-insect/providers/Microsoft.Storage/storageAccounts/diag286c006b9d289285",
            "identity": [],
            "infrastructure_encryption_enabled": false,
            "is_hns_enabled": false,
            "large_file_share_enabled": null,
            "location": "eastus",
            "min_tls_version": "TLS1_0",
            "name": "diag286c006b9d289285",
            "network_rules": [
              {
                "bypass": [
                  "AzureServices"
                ],
                "default_action": "Allow",
                "ip_rules": [],
                "private_link_access": [],
                "virtual_network_subnet_ids": []
              }
            ],
            "nfsv3_enabled": false,
            "primary_access_key": "lShTFtAR6RRP2x5ftmZYwkgt88Py3IaP7MjEOzm5RzwQqJMTFKhaLtjVx7V/p+BT3sfwgUWBu0pw+ASt4XEOTw==",
            "primary_blob_connection_string": "DefaultEndpointsProtocol=https;BlobEndpoint=https://diag286c006b9d289285.blob.core.windows.net/;AccountName=diag286c006b9d289285;AccountKey=lShTFtAR6RRP2x5ftmZYwkgt88Py3IaP7MjEOzm5RzwQqJMTFKhaLtjVx7V/p+BT3sfwgUWBu0pw+ASt4XEOTw==",
            "primary_blob_endpoint": "https://diag286c006b9d289285.blob.core.windows.net/",
            "primary_blob_host": "diag286c006b9d289285.blob.core.windows.net",
            "primary_connection_string": "DefaultEndpointsProtocol=https;AccountName=diag286c006b9d289285;AccountKey=lShTFtAR6RRP2x5ftmZYwkgt88Py3IaP7MjEOzm5RzwQqJMTFKhaLtjVx7V/p+BT3sfwgUWBu0pw+ASt4XEOTw==;EndpointSuffix=core.windows.net",
            "primary_dfs_endpoint": "https://diag286c006b9d289285.dfs.core.windows.net/",
            "primary_dfs_host": "diag286c006b9d289285.dfs.core.windows.net",
            "primary_file_endpoint": "https://diag286c006b9d289285.file.core.windows.net/",
            "primary_file_host": "diag286c006b9d289285.file.core.windows.net",
            "primary_location": "eastus",
            "primary_queue_endpoint": "https://diag286c006b9d289285.queue.core.windows.net/",
            "primary_queue_host": "diag286c006b9d289285.queue.core.windows.net",
            "primary_table_endpoint": "https://diag286c006b9d289285.table.core.windows.net/",
            "primary_table_host": "diag286c006b9d289285.table.core.windows.net",
            "primary_web_endpoint": "https://diag286c006b9d289285.z13.web.core.windows.net/",
            "primary_web_host": "diag286c006b9d289285.z13.web.core.windows.net",
            "queue_encryption_key_type": "Service",
            "queue_properties": [
              {
                "cors_rule": [],
                "hour_metrics": [
                  {
                    "enabled": true,
                    "include_apis": true,
                    "retention_policy_days": 7,
                    "version": "1.0"
                  }
                ],
                "logging": [
                  {
                    "delete": false,
                    "read": false,
                    "retention_policy_days": 0,
                    "version": "1.0",
                    "write": false
                  }
                ],
                "minute_metrics": [
                  {
                    "enabled": false,
                    "include_apis": false,
                    "retention_policy_days": 0,
                    "version": "1.0"
                  }
                ]
              }
            ],
            "resource_group_name": "rg-epic-insect",
            "routing": [],
            "secondary_access_key": "H656u3S02eyNxmj3Tn7+sGXIhCqZxwzfKevtzWwajIVXL7QHaKjx5lSqCt05IP+tgIMhd841pRbe+AStodCdJw==",
            "secondary_blob_connection_string": "",
            "secondary_blob_endpoint": null,
            "secondary_blob_host": null,
            "secondary_connection_string": "DefaultEndpointsProtocol=https;AccountName=diag286c006b9d289285;AccountKey=H656u3S02eyNxmj3Tn7+sGXIhCqZxwzfKevtzWwajIVXL7QHaKjx5lSqCt05IP+tgIMhd841pRbe+AStodCdJw==;EndpointSuffix=core.windows.net",
            "secondary_dfs_endpoint": null,
            "secondary_dfs_host": null,
            "secondary_file_endpoint": null,
            "secondary_file_host": null,
            "secondary_location": "",
            "secondary_queue_endpoint": null,
            "secondary_queue_host": null,
            "secondary_table_endpoint": null,
            "secondary_table_host": null,
            "secondary_web_endpoint": null,
            "secondary_web_host": null,
            "share_properties": [
              {
                "cors_rule": [],
                "retention_policy": [
                  {
                    "days": 7
                  }
                ],
                "smb": []
              }
            ],
            "shared_access_key_enabled": true,
            "static_website": [],
            "table_encryption_key_type": "Service",
            "tags": {},
            "timeouts": null
          },
          "sensitive_attributes": [
            [
              {
                "type": "get_attr",
                "value": "secondary_access_key"
              }
            ],
            [
              {
                "type": "get_attr",
                "value": "secondary_blob_connection_string"
              }
            ],
            [
              {
                "type": "get_attr",
                "value": "primary_access_key"
              }
            ],
            [
              {
                "type": "get_attr",
                "value": "primary_blob_connection_string"
              }
            ],
            [
              {
                "type": "get_attr",
                "value": "secondary_connection_string"
              }
            ],
            [
              {
                "type": "get_attr",
                "value": "primary_connection_string"
              }
            ]
          ],
          "private": "eyJlMmJmYjczMC1lY2FhLTExZTYtOGY4OC0zNDM2M2JjN2M0YzAiOnsiY3JlYXRlIjozNjAwMDAwMDAwMDAwLCJkZWxldGUiOjM2MDAwMDAwMDAwMDAsInJlYWQiOjMwMDAwMDAwMDAwMCwidXBkYXRlIjozNjAwMDAwMDAwMDAwfSwic2NoZW1hX3ZlcnNpb24iOiIyIn0=",
          "dependencies": [
            "azurerm_resource_group.rg",
            "random_id.random_id",
            "random_pet.rg_name"
          ]
        }
      ]
    },
    {
      "mode": "managed",
      "type": "azurerm_subnet",
      "name": "my_terraform_subnet",
      "provider": "provider[\"registry.terraform.io/hashicorp/azurerm\"]",
      "instances": [
        {
          "schema_version": 0,
          "attributes": {
            "address_prefix": "10.0.1.0/24",
            "address_prefixes": [
              "10.0.1.0/24"
            ],
            "delegation": [],
            "enforce_private_link_endpoint_network_policies": false,
            "enforce_private_link_service_network_policies": false,
            "id": "/subscriptions/9c852510-6671-45e5-b2c9-457c475c33a9/resourceGroups/rg-epic-insect/providers/Microsoft.Network/virtualNetworks/myVnet/subnets/mySubnet",
            "name": "mySubnet",
            "resource_group_name": "rg-epic-insect",
            "service_endpoint_policy_ids": [],
            "service_endpoints": [],
            "timeouts": null,
            "virtual_network_name": "myVnet"
          },
          "sensitive_attributes": [],
          "private": "eyJlMmJmYjczMC1lY2FhLTExZTYtOGY4OC0zNDM2M2JjN2M0YzAiOnsiY3JlYXRlIjoxODAwMDAwMDAwMDAwLCJkZWxldGUiOjE4MDAwMDAwMDAwMDAsInJlYWQiOjMwMDAwMDAwMDAwMCwidXBkYXRlIjoxODAwMDAwMDAwMDAwfX0=",
          "dependencies": [
            "azurerm_resource_group.rg",
            "azurerm_virtual_network.my_terraform_network",
            "random_pet.rg_name"
          ]
        }
      ]
    },
    {
      "mode": "managed",
      "type": "azurerm_virtual_network",
      "name": "my_terraform_network",
      "provider": "provider[\"registry.terraform.io/hashicorp/azurerm\"]",
      "instances": [
        {
          "schema_version": 0,
          "attributes": {
            "address_space": [
              "10.0.0.0/16"
            ],
            "bgp_community": "",
            "ddos_protection_plan": [],
            "dns_servers": [],
            "flow_timeout_in_minutes": 0,
            "guid": "1f98593c-e0f8-4395-bf05-1c2b90768111",
            "id": "/subscriptions/9c852510-6671-45e5-b2c9-457c475c33a9/resourceGroups/rg-epic-insect/providers/Microsoft.Network/virtualNetworks/myVnet",
            "location": "eastus",
            "name": "myVnet",
            "resource_group_name": "rg-epic-insect",
            "subnet": [
              {
                "address_prefix": "10.0.1.0/24",
                "id": "/subscriptions/9c852510-6671-45e5-b2c9-457c475c33a9/resourceGroups/rg-epic-insect/providers/Microsoft.Network/virtualNetworks/myVnet/subnets/mySubnet",
                "name": "mySubnet",
                "security_group": ""
              }
            ],
            "tags": {},
            "timeouts": null,
            "vm_protection_enabled": false
          },
          "sensitive_attributes": [],
          "private": "eyJlMmJmYjczMC1lY2FhLTExZTYtOGY4OC0zNDM2M2JjN2M0YzAiOnsiY3JlYXRlIjoxODAwMDAwMDAwMDAwLCJkZWxldGUiOjE4MDAwMDAwMDAwMDAsInJlYWQiOjMwMDAwMDAwMDAwMCwidXBkYXRlIjoxODAwMDAwMDAwMDAwfX0=",
          "dependencies": [
            "azurerm_resource_group.rg",
            "random_pet.rg_name"
          ]
        }
      ]
    },
    {
      "mode": "managed",
      "type": "random_id",
      "name": "random_id",
      "provider": "provider[\"registry.terraform.io/hashicorp/random\"]",
      "instances": [
        {
          "schema_version": 0,
          "attributes": {
            "b64_std": "KGwAa50okoU=",
            "b64_url": "KGwAa50okoU",
            "byte_length": 8,
            "dec": "2912703521200050821",
            "hex": "286c006b9d289285",
            "id": "KGwAa50okoU",
            "keepers": {
              "resource_group": "rg-epic-insect"
            },
            "prefix": null
          },
          "sensitive_attributes": [],
          "dependencies": [
            "azurerm_resource_group.rg",
            "random_pet.rg_name"
          ]
        }
      ]
    },
    {
      "mode": "managed",
      "type": "random_pet",
      "name": "rg_name",
      "provider": "provider[\"registry.terraform.io/hashicorp/random\"]",
      "instances": [
        {
          "schema_version": 0,
          "attributes": {
            "id": "rg-epic-insect",
            "keepers": null,
            "length": 2,
            "prefix": "rg",
            "separator": "-"
          },
          "sensitive_attributes": []
        }
      ]
    },
    {
      "mode": "managed",
      "type": "random_pet",
      "name": "ssh_key_name",
      "provider": "provider[\"registry.terraform.io/hashicorp/random\"]",
      "instances": [
        {
          "schema_version": 0,
          "attributes": {
            "id": "sshkindinsect",
            "keepers": null,
            "length": 2,
            "prefix": "ssh",
            "separator": ""
          },
          "sensitive_attributes": []
        }
      ]
    }
  ],
  "check_results": null
}
